
Microsoft Visual Studio Solution File, Format Version 12.00
# Visual Studio Version 17
VisualStudioVersion = 17.0.31903.59
MinimumVisualStudioVersion = 10.0.40219.1
Project("{FAE04EC0-301F-11D3-BF4B-00C04F79EFBC}") = "CampusSpace.Api", "CampusSpace.Api\CampusSpace.Api.csproj", "{EEAFB36B-A3D3-4D02-B81F-647B1F0B4784}"
EndProject
Project("{FAE04EC0-301F-11D3-BF4B-00C04F79EFBC}") = "CampusSpace.Tests", "CampusSpace.Tests\CampusSpace.Tests.csproj", "{BD4C5810-4FF5-4720-A422-7E7425EB54BA}"
EndProject
Global
	GlobalSection(SolutionConfigurationPlatforms) = preSolution
		Debug|Any CPU = Debug|Any CPU
		Release|Any CPU = Release|Any CPU
	EndGlobalSection
	GlobalSection(SolutionProperties) = preSolution
		HideSolutionNode = FALSE
	EndGlobalSection
	GlobalSection(ProjectConfigurationPlatforms) = postSolution
		{EEAFB36B-A3D3-4D02-B81F-647B1F0B4784}.Debug|Any CPU.ActiveCfg = Debug|Any CPU
		{EEAFB36B-A3D3-4D02-B81F-647B1F0B4784}.Debug|Any CPU.Build.0 = Debug|Any CPU
		{EEAFB36B-A3D3-4D02-B81F-647B1F0B4784}.Release|Any CPU.ActiveCfg = Release|Any CPU
		{EEAFB36B-A3D3-4D02-B81F-647B1F0B4784}.Release|Any CPU.Build.0 = Release|Any CPU
		{BD4C5810-4FF5-4720-A422-7E7425EB54BA}.Debug|Any CPU.ActiveCfg = Debug|Any CPU
		{BD4C5810-4FF5-4720-A422-7E7425EB54BA}.Debug|Any CPU.Build.0 = Debug|Any CPU
		{BD4C5810-4FF5-4720-A422-7E7425EB54BA}.Release|Any CPU.ActiveCfg = Release|Any CPU
		{BD4C5810-4FF5-4720-A422-7E7425EB54BA}.Release|Any CPU.Build.0 = Release|Any CPU
	EndGlobalSection
EndGlobal
